
Microsoft Visual Studio Solution File, Format Version 12.00
# Visual Studio Version 16
VisualStudioVersion = 16.0.30309.148
MinimumVisualStudioVersion = 10.0.40219.1
Project("{FAE04EC0-301F-11D3-BF4B-00C04F79EFBC}") = "WebApp_1", "WebApp_1.csproj", "{581202FA-372D-4E94-9185-AFD818F499ED}"
EndProject
Global
	GlobalSection(SolutionConfigurationPlatforms) = preSolution
		Debug|Any CPU = Debug|Any CPU
		Release|Any CPU = Release|Any CPU
	EndGlobalSection
	GlobalSection(ProjectConfigurationPlatforms) = postSolution
		{581202FA-372D-4E94-9185-AFD818F499ED}.Debug|Any CPU.ActiveCfg = Debug|Any CPU
		{581202FA-372D-4E94-9185-AFD818F499ED}.Debug|Any CPU.Build.0 = Debug|Any CPU
		{581202FA-372D-4E94-9185-AFD818F499ED}.Release|Any CPU.ActiveCfg = Release|Any CPU
		{581202FA-372D-4E94-9185-AFD818F499ED}.Release|Any CPU.Build.0 = Release|Any CPU
	EndGlobalSection
	GlobalSection(SolutionProperties) = preSolution
		HideSolutionNode = FALSE
	EndGlobalSection
	GlobalSection(ExtensibilityGlobals) = postSolution
		SolutionGuid = {0802E6C8-1951-4F6B-86F6-1C4D0F6B3A00}
	EndGlobalSection
EndGlobal
